
Microsoft Visual Studio Solution File, Format Version 12.00
# Visual Studio Version 16
VisualStudioVersion = 16.0.30523.141
MinimumVisualStudioVersion = 10.0.40219.1
Project("{FAE04EC0-301F-11D3-BF4B-00C04F79EFBC}") = "BankApp", "BankApp.csproj", "{4B4BE73D-6F6C-4E4A-9FCD-4806AEB848D9}"
EndProject
Global
	GlobalSection(SolutionConfigurationPlatforms) = preSolution
		Debug|Any CPU = Debug|Any CPU
		Release|Any CPU = Release|Any CPU
	EndGlobalSection
	GlobalSection(ProjectConfigurationPlatforms) = postSolution
		{4B4BE73D-6F6C-4E4A-9FCD-4806AEB848D9}.Debug|Any CPU.ActiveCfg = Debug|Any CPU
		{4B4BE73D-6F6C-4E4A-9FCD-4806AEB848D9}.Debug|Any CPU.Build.0 = Debug|Any CPU
		{4B4BE73D-6F6C-4E4A-9FCD-4806AEB848D9}.Release|Any CPU.ActiveCfg = Release|Any CPU
		{4B4BE73D-6F6C-4E4A-9FCD-4806AEB848D9}.Release|Any CPU.Build.0 = Release|Any CPU
	EndGlobalSection
	GlobalSection(SolutionProperties) = preSolution
		HideSolutionNode = FALSE
	EndGlobalSection
	GlobalSection(ExtensibilityGlobals) = postSolution
		SolutionGuid = {262DC6AE-C942-43EA-B9EA-EB7110BD57A0}
	EndGlobalSection
EndGlobal
